
Microsoft Visual Studio Solution File, Format Version 12.00
# Visual Studio Version 17
VisualStudioVersion = 17.14.36221.1
MinimumVisualStudioVersion = 10.0.40219.1
Project("{8BC9CEB8-8B4A-11D0-8D11-00A0C91BC942}") = "UrbanCrimeBackend", "UrbanCrimeBackend\UrbanCrimeBackend.vcxproj", "{D4E953B9-9C5A-49FA-904E-82B5D4572E18}"
EndProject
Project("{FAE04EC0-301F-11D3-BF4B-00C04F79EFBC}") = "UrbanCrimeFrontend", "UrbanCrimeFrontend\UrbanCrimeFrontend.csproj", "{2D0E1866-A56A-4DCE-9198-B2DF20D890C1}"
EndProject
Global
	GlobalSection(SolutionConfigurationPlatforms) = preSolution
		Debug|Any CPU = Debug|Any CPU
		Debug|x64 = Debug|x64
		Debug|x86 = Debug|x86
		Release|Any CPU = Release|Any CPU
		Release|x64 = Release|x64
		Release|x86 = Release|x86
	EndGlobalSection
	GlobalSection(ProjectConfigurationPlatforms) = postSolution
		{D4E953B9-9C5A-49FA-904E-82B5D4572E18}.Debug|Any CPU.ActiveCfg = Debug|x64
		{D4E953B9-9C5A-49FA-904E-82B5D4572E18}.Debug|Any CPU.Build.0 = Debug|x64
		{D4E953B9-9C5A-49FA-904E-82B5D4572E18}.Debug|x64.ActiveCfg = Debug|x64
		{D4E953B9-9C5A-49FA-904E-82B5D4572E18}.Debug|x64.Build.0 = Debug|x64
		{D4E953B9-9C5A-49FA-904E-82B5D4572E18}.Debug|x86.ActiveCfg = Debug|Win32
		{D4E953B9-9C5A-49FA-904E-82B5D4572E18}.Debug|x86.Build.0 = Debug|Win32
		{D4E953B9-9C5A-49FA-904E-82B5D4572E18}.Release|Any CPU.ActiveCfg = Release|x64
		{D4E953B9-9C5A-49FA-904E-82B5D4572E18}.Release|Any CPU.Build.0 = Release|x64
		{D4E953B9-9C5A-49FA-904E-82B5D4572E18}.Release|x64.ActiveCfg = Release|x64
		{D4E953B9-9C5A-49FA-904E-82B5D4572E18}.Release|x64.Build.0 = Release|x64
		{D4E953B9-9C5A-49FA-904E-82B5D4572E18}.Release|x86.ActiveCfg = Release|Win32
		{D4E953B9-9C5A-49FA-904E-82B5D4572E18}.Release|x86.Build.0 = Release|Win32
		{2D0E1866-A56A-4DCE-9198-B2DF20D890C1}.Debug|Any CPU.ActiveCfg = Debug|Any CPU
		{2D0E1866-A56A-4DCE-9198-B2DF20D890C1}.Debug|Any CPU.Build.0 = Debug|Any CPU
		{2D0E1866-A56A-4DCE-9198-B2DF20D890C1}.Debug|x64.ActiveCfg = Debug|Any CPU
		{2D0E1866-A56A-4DCE-9198-B2DF20D890C1}.Debug|x64.Build.0 = Debug|Any CPU
		{2D0E1866-A56A-4DCE-9198-B2DF20D890C1}.Debug|x86.ActiveCfg = Debug|Any CPU
		{2D0E1866-A56A-4DCE-9198-B2DF20D890C1}.Debug|x86.Build.0 = Debug|Any CPU
		{2D0E1866-A56A-4DCE-9198-B2DF20D890C1}.Release|Any CPU.ActiveCfg = Release|Any CPU
		{2D0E1866-A56A-4DCE-9198-B2DF20D890C1}.Release|Any CPU.Build.0 = Release|Any CPU
		{2D0E1866-A56A-4DCE-9198-B2DF20D890C1}.Release|x64.ActiveCfg = Release|Any CPU
		{2D0E1866-A56A-4DCE-9198-B2DF20D890C1}.Release|x64.Build.0 = Release|Any CPU
		{2D0E1866-A56A-4DCE-9198-B2DF20D890C1}.Release|x86.ActiveCfg = Release|Any CPU
		{2D0E1866-A56A-4DCE-9198-B2DF20D890C1}.Release|x86.Build.0 = Release|Any CPU
	EndGlobalSection
	GlobalSection(SolutionProperties) = preSolution
		HideSolutionNode = FALSE
	EndGlobalSection
	GlobalSection(ExtensibilityGlobals) = postSolution
		SolutionGuid = {B80E3122-57AC-4179-8EEC-B3A0DD49697F}
	EndGlobalSection
EndGlobal
